{
  "name": "Automated-Windmill",
  "lockfileVersion": 2,
  "requires": true,
  "packages": {
    "": {
      "dependencies": {
        "node-red-contrib-pythonshell": "^1.5.4"
      }
    },
    "node_modules/node-red-contrib-pythonshell": {
      "version": "1.5.4",
      "resolved": "https://registry.npmjs.org/node-red-contrib-pythonshell/-/node-red-contrib-pythonshell-1.5.4.tgz",
      "integrity": "sha512-ctJcgq+OWQyzA85NIAOzXU+vX6E/oksv762ubhca9tW6K2wvHQj+YBUFN6ZUZj4Osb3+GIcDLUatRdBsGfndhg=="
    }
  },
  "dependencies": {
    "node-red-contrib-pythonshell": {
      "version": "1.5.4",
      "resolved": "https://registry.npmjs.org/node-red-contrib-pythonshell/-/node-red-contrib-pythonshell-1.5.4.tgz",
      "integrity": "sha512-ctJcgq+OWQyzA85NIAOzXU+vX6E/oksv762ubhca9tW6K2wvHQj+YBUFN6ZUZj4Osb3+GIcDLUatRdBsGfndhg=="
    }
  }
}
